
Microsoft Visual Studio Solution File, Format Version 12.00
# Visual Studio 15
VisualStudioVersion = 15.0.27428.2037
MinimumVisualStudioVersion = 10.0.40219.1
Project("{FAE04EC0-301F-11D3-BF4B-00C04F79EFBC}") = "Vaja111", "Vaja111\Vaja111.csproj", "{D924A563-C608-4A3D-BD72-373FB85D6FD3}"
EndProject
Global
	GlobalSection(SolutionConfigurationPlatforms) = preSolution
		Debug|Any CPU = Debug|Any CPU
		Release|Any CPU = Release|Any CPU
	EndGlobalSection
	GlobalSection(ProjectConfigurationPlatforms) = postSolution
		{D924A563-C608-4A3D-BD72-373FB85D6FD3}.Debug|Any CPU.ActiveCfg = Debug|Any CPU
		{D924A563-C608-4A3D-BD72-373FB85D6FD3}.Debug|Any CPU.Build.0 = Debug|Any CPU
		{D924A563-C608-4A3D-BD72-373FB85D6FD3}.Release|Any CPU.ActiveCfg = Release|Any CPU
		{D924A563-C608-4A3D-BD72-373FB85D6FD3}.Release|Any CPU.Build.0 = Release|Any CPU
	EndGlobalSection
	GlobalSection(SolutionProperties) = preSolution
		HideSolutionNode = FALSE
	EndGlobalSection
	GlobalSection(ExtensibilityGlobals) = postSolution
		SolutionGuid = {36B5E2B6-C0DB-48CD-946F-2F1D664782E7}
	EndGlobalSection
EndGlobal
